
Microsoft Visual Studio Solution File, Format Version 12.00
# Visual Studio Version 16
VisualStudioVersion = 16.0.29806.167
MinimumVisualStudioVersion = 10.0.40219.1
Project("{8BC9CEB8-8B4A-11D0-8D11-00A0C91BC942}") = "课前测试", "课前测试\课前测试.vcxproj", "{C7B1BB24-CFAB-476B-9598-F7D17BE39D70}"
EndProject
Project("{8BC9CEB8-8B4A-11D0-8D11-00A0C91BC942}") = "2.1", "2.1\2.1.vcxproj", "{392B7ED3-3D61-4890-B1D3-E27E8B69368B}"
EndProject
Project("{8BC9CEB8-8B4A-11D0-8D11-00A0C91BC942}") = "2-2", "2-2\2-2.vcxproj", "{4BE8EA71-B86D-42D8-BCC7-1DF0487B522B}"
EndProject
Project("{8BC9CEB8-8B4A-11D0-8D11-00A0C91BC942}") = "课前测试第二章", "课前测试第二章\课前测试第二章.vcxproj", "{B15B719D-482C-463C-BB76-4C310BCF539A}"
EndProject
Project("{8BC9CEB8-8B4A-11D0-8D11-00A0C91BC942}") = "3.1", "3.1\3.1.vcxproj", "{D8B31FE4-AE2A-4D13-B1F3-4068CD3A0B9A}"
EndProject
Project("{8BC9CEB8-8B4A-11D0-8D11-00A0C91BC942}") = "3.2", "3.2\3.2.vcxproj", "{A1E585AA-A433-4C0D-A71C-A356D14D6BD2}"
EndProject
Project("{8BC9CEB8-8B4A-11D0-8D11-00A0C91BC942}") = "课前测第三章", "课前测第三章\课前测第三章.vcxproj", "{9CEEDF3A-2DE6-42A2-BEDD-1699F7049B93}"
EndProject
Project("{8BC9CEB8-8B4A-11D0-8D11-00A0C91BC942}") = "4.1", "4.1\4.1.vcxproj", "{906F58CA-20BD-41DE-AEC8-B717CAEC4729}"
EndProject
Project("{8BC9CEB8-8B4A-11D0-8D11-00A0C91BC942}") = "4.2", "4.2\4.2.vcxproj", "{EFB85D1B-9320-4DCD-8475-C627B76EB55C}"
EndProject
Global
	GlobalSection(SolutionConfigurationPlatforms) = preSolution
		Debug|x64 = Debug|x64
		Debug|x86 = Debug|x86
		Release|x64 = Release|x64
		Release|x86 = Release|x86
	EndGlobalSection
	GlobalSection(ProjectConfigurationPlatforms) = postSolution
		{C7B1BB24-CFAB-476B-9598-F7D17BE39D70}.Debug|x64.ActiveCfg = Debug|x64
		{C7B1BB24-CFAB-476B-9598-F7D17BE39D70}.Debug|x64.Build.0 = Debug|x64
		{C7B1BB24-CFAB-476B-9598-F7D17BE39D70}.Debug|x86.ActiveCfg = Debug|Win32
		{C7B1BB24-CFAB-476B-9598-F7D17BE39D70}.Debug|x86.Build.0 = Debug|Win32
		{C7B1BB24-CFAB-476B-9598-F7D17BE39D70}.Release|x64.ActiveCfg = Release|x64
		{C7B1BB24-CFAB-476B-9598-F7D17BE39D70}.Release|x64.Build.0 = Release|x64
		{C7B1BB24-CFAB-476B-9598-F7D17BE39D70}.Release|x86.ActiveCfg = Release|Win32
		{C7B1BB24-CFAB-476B-9598-F7D17BE39D70}.Release|x86.Build.0 = Release|Win32
		{392B7ED3-3D61-4890-B1D3-E27E8B69368B}.Debug|x64.ActiveCfg = Debug|x64
		{392B7ED3-3D61-4890-B1D3-E27E8B69368B}.Debug|x64.Build.0 = Debug|x64
		{392B7ED3-3D61-4890-B1D3-E27E8B69368B}.Debug|x86.ActiveCfg = Debug|Win32
		{392B7ED3-3D61-4890-B1D3-E27E8B69368B}.Debug|x86.Build.0 = Debug|Win32
		{392B7ED3-3D61-4890-B1D3-E27E8B69368B}.Release|x64.ActiveCfg = Release|x64
		{392B7ED3-3D61-4890-B1D3-E27E8B69368B}.Release|x64.Build.0 = Release|x64
		{392B7ED3-3D61-4890-B1D3-E27E8B69368B}.Release|x86.ActiveCfg = Release|Win32
		{392B7ED3-3D61-4890-B1D3-E27E8B69368B}.Release|x86.Build.0 = Release|Win32
		{4BE8EA71-B86D-42D8-BCC7-1DF0487B522B}.Debug|x64.ActiveCfg = Debug|x64
		{4BE8EA71-B86D-42D8-BCC7-1DF0487B522B}.Debug|x64.Build.0 = Debug|x64
		{4BE8EA71-B86D-42D8-BCC7-1DF0487B522B}.Debug|x86.ActiveCfg = Debug|Win32
		{4BE8EA71-B86D-42D8-BCC7-1DF0487B522B}.Debug|x86.Build.0 = Debug|Win32
		{4BE8EA71-B86D-42D8-BCC7-1DF0487B522B}.Release|x64.ActiveCfg = Release|x64
		{4BE8EA71-B86D-42D8-BCC7-1DF0487B522B}.Release|x64.Build.0 = Release|x64
		{4BE8EA71-B86D-42D8-BCC7-1DF0487B522B}.Release|x86.ActiveCfg = Release|Win32
		{4BE8EA71-B86D-42D8-BCC7-1DF0487B522B}.Release|x86.Build.0 = Release|Win32
		{B15B719D-482C-463C-BB76-4C310BCF539A}.Debug|x64.ActiveCfg = Debug|x64
		{B15B719D-482C-463C-BB76-4C310BCF539A}.Debug|x64.Build.0 = Debug|x64
		{B15B719D-482C-463C-BB76-4C310BCF539A}.Debug|x86.ActiveCfg = Debug|Win32
		{B15B719D-482C-463C-BB76-4C310BCF539A}.Debug|x86.Build.0 = Debug|Win32
		{B15B719D-482C-463C-BB76-4C310BCF539A}.Release|x64.ActiveCfg = Release|x64
		{B15B719D-482C-463C-BB76-4C310BCF539A}.Release|x64.Build.0 = Release|x64
		{B15B719D-482C-463C-BB76-4C310BCF539A}.Release|x86.ActiveCfg = Release|Win32
		{B15B719D-482C-463C-BB76-4C310BCF539A}.Release|x86.Build.0 = Release|Win32
		{D8B31FE4-AE2A-4D13-B1F3-4068CD3A0B9A}.Debug|x64.ActiveCfg = Debug|x64
		{D8B31FE4-AE2A-4D13-B1F3-4068CD3A0B9A}.Debug|x64.Build.0 = Debug|x64
		{D8B31FE4-AE2A-4D13-B1F3-4068CD3A0B9A}.Debug|x86.ActiveCfg = Debug|Win32
		{D8B31FE4-AE2A-4D13-B1F3-4068CD3A0B9A}.Debug|x86.Build.0 = Debug|Win32
		{D8B31FE4-AE2A-4D13-B1F3-4068CD3A0B9A}.Release|x64.ActiveCfg = Release|x64
		{D8B31FE4-AE2A-4D13-B1F3-4068CD3A0B9A}.Release|x64.Build.0 = Release|x64
		{D8B31FE4-AE2A-4D13-B1F3-4068CD3A0B9A}.Release|x86.ActiveCfg = Release|Win32
		{D8B31FE4-AE2A-4D13-B1F3-4068CD3A0B9A}.Release|x86.Build.0 = Release|Win32
		{A1E585AA-A433-4C0D-A71C-A356D14D6BD2}.Debug|x64.ActiveCfg = Debug|x64
		{A1E585AA-A433-4C0D-A71C-A356D14D6BD2}.Debug|x64.Build.0 = Debug|x64
		{A1E585AA-A433-4C0D-A71C-A356D14D6BD2}.Debug|x86.ActiveCfg = Debug|Win32
		{A1E585AA-A433-4C0D-A71C-A356D14D6BD2}.Debug|x86.Build.0 = Debug|Win32
		{A1E585AA-A433-4C0D-A71C-A356D14D6BD2}.Release|x64.ActiveCfg = Release|x64
		{A1E585AA-A433-4C0D-A71C-A356D14D6BD2}.Release|x64.Build.0 = Release|x64
		{A1E585AA-A433-4C0D-A71C-A356D14D6BD2}.Release|x86.ActiveCfg = Release|Win32
		{A1E585AA-A433-4C0D-A71C-A356D14D6BD2}.Release|x86.Build.0 = Release|Win32
		{9CEEDF3A-2DE6-42A2-BEDD-1699F7049B93}.Debug|x64.ActiveCfg = Debug|x64
		{9CEEDF3A-2DE6-42A2-BEDD-1699F7049B93}.Debug|x64.Build.0 = Debug|x64
		{9CEEDF3A-2DE6-42A2-BEDD-1699F7049B93}.Debug|x86.ActiveCfg = Debug|Win32
		{9CEEDF3A-2DE6-42A2-BEDD-1699F7049B93}.Debug|x86.Build.0 = Debug|Win32
		{9CEEDF3A-2DE6-42A2-BEDD-1699F7049B93}.Release|x64.ActiveCfg = Release|x64
		{9CEEDF3A-2DE6-42A2-BEDD-1699F7049B93}.Release|x64.Build.0 = Release|x64
		{9CEEDF3A-2DE6-42A2-BEDD-1699F7049B93}.Release|x86.ActiveCfg = Release|Win32
		{9CEEDF3A-2DE6-42A2-BEDD-1699F7049B93}.Release|x86.Build.0 = Release|Win32
		{906F58CA-20BD-41DE-AEC8-B717CAEC4729}.Debug|x64.ActiveCfg = Debug|x64
		{906F58CA-20BD-41DE-AEC8-B717CAEC4729}.Debug|x64.Build.0 = Debug|x64
		{906F58CA-20BD-41DE-AEC8-B717CAEC4729}.Debug|x86.ActiveCfg = Debug|Win32
		{906F58CA-20BD-41DE-AEC8-B717CAEC4729}.Debug|x86.Build.0 = Debug|Win32
		{906F58CA-20BD-41DE-AEC8-B717CAEC4729}.Release|x64.ActiveCfg = Release|x64
		{906F58CA-20BD-41DE-AEC8-B717CAEC4729}.Release|x64.Build.0 = Release|x64
		{906F58CA-20BD-41DE-AEC8-B717CAEC4729}.Release|x86.ActiveCfg = Release|Win32
		{906F58CA-20BD-41DE-AEC8-B717CAEC4729}.Release|x86.Build.0 = Release|Win32
		{EFB85D1B-9320-4DCD-8475-C627B76EB55C}.Debug|x64.ActiveCfg = Debug|x64
		{EFB85D1B-9320-4DCD-8475-C627B76EB55C}.Debug|x64.Build.0 = Debug|x64
		{EFB85D1B-9320-4DCD-8475-C627B76EB55C}.Debug|x86.ActiveCfg = Debug|Win32
		{EFB85D1B-9320-4DCD-8475-C627B76EB55C}.Debug|x86.Build.0 = Debug|Win32
		{EFB85D1B-9320-4DCD-8475-C627B76EB55C}.Release|x64.ActiveCfg = Release|x64
		{EFB85D1B-9320-4DCD-8475-C627B76EB55C}.Release|x64.Build.0 = Release|x64
		{EFB85D1B-9320-4DCD-8475-C627B76EB55C}.Release|x86.ActiveCfg = Release|Win32
		{EFB85D1B-9320-4DCD-8475-C627B76EB55C}.Release|x86.Build.0 = Release|Win32
	EndGlobalSection
	GlobalSection(SolutionProperties) = preSolution
		HideSolutionNode = FALSE
	EndGlobalSection
	GlobalSection(ExtensibilityGlobals) = postSolution
		SolutionGuid = {63EED7AB-7557-45D8-BB7B-4B7C42B48B08}
	EndGlobalSection
EndGlobal
