
Microsoft Visual Studio Solution File, Format Version 12.00
# Visual Studio Version 16
VisualStudioVersion = 16.0.29806.167
MinimumVisualStudioVersion = 10.0.40219.1
Project("{8BC9CEB8-8B4A-11D0-8D11-00A0C91BC942}") = "课前测试", "课前测试\课前测试.vcxproj", "{C7B1BB24-CFAB-476B-9598-F7D17BE39D70}"
EndProject
Project("{8BC9CEB8-8B4A-11D0-8D11-00A0C91BC942}") = "课前测试第二章", "课前测试第二章\课前测试第二章.vcxproj", "{B15B719D-482C-463C-BB76-4C310BCF539A}"
EndProject
Project("{8BC9CEB8-8B4A-11D0-8D11-00A0C91BC942}") = "3.1", "3.1\3.1.vcxproj", "{D8B31FE4-AE2A-4D13-B1F3-4068CD3A0B9A}"
EndProject
Project("{8BC9CEB8-8B4A-11D0-8D11-00A0C91BC942}") = "3.2", "3.2\3.2.vcxproj", "{A1E585AA-A433-4C0D-A71C-A356D14D6BD2}"
EndProject
Project("{8BC9CEB8-8B4A-11D0-8D11-00A0C91BC942}") = "课前测第三章", "课前测第三章\课前测第三章.vcxproj", "{9CEEDF3A-2DE6-42A2-BEDD-1699F7049B93}"
EndProject
Project("{8BC9CEB8-8B4A-11D0-8D11-00A0C91BC942}") = "4.1", "4.1\4.1.vcxproj", "{906F58CA-20BD-41DE-AEC8-B717CAEC4729}"
EndProject
Project("{8BC9CEB8-8B4A-11D0-8D11-00A0C91BC942}") = "4.2", "4.2\4.2.vcxproj", "{EFB85D1B-9320-4DCD-8475-C627B76EB55C}"
EndProject
Project("{8BC9CEB8-8B4A-11D0-8D11-00A0C91BC942}") = "课前测试5", "课前测试5\课前测试5.vcxproj", "{C4EFAF17-00C8-4DC1-8FE7-BB7A63382EF3}"
EndProject
Project("{8BC9CEB8-8B4A-11D0-8D11-00A0C91BC942}") = "5.1", "5.1\5.1.vcxproj", "{760DA742-2778-4963-90C4-6D24F0B57956}"
EndProject
Project("{8BC9CEB8-8B4A-11D0-8D11-00A0C91BC942}") = "5.2", "5.2\5.2.vcxproj", "{8A392A77-6C0C-433F-81AB-21C0E3F45211}"
EndProject
Project("{8BC9CEB8-8B4A-11D0-8D11-00A0C91BC942}") = "测试 4", "测试 4\测试 4.vcxproj", "{808986DF-DA91-4BC8-B66B-CCD0B8F9CCEA}"
EndProject
Project("{8BC9CEB8-8B4A-11D0-8D11-00A0C91BC942}") = "课前测试3", "课前测试3\课前测试3.vcxproj", "{B073EE61-3426-4653-B5E4-78B04B23B4F3}"
EndProject
Project("{8BC9CEB8-8B4A-11D0-8D11-00A0C91BC942}") = "第6次作业", "第6次作业\第6次作业.vcxproj", "{D45265F3-9511-4A43-99B1-A7FADD1B223D}"
EndProject
Project("{8BC9CEB8-8B4A-11D0-8D11-00A0C91BC942}") = "实验课", "实验课\实验课.vcxproj", "{143B88F6-69E7-480F-8596-7D9EEFABE5FA}"
EndProject
Project("{8BC9CEB8-8B4A-11D0-8D11-00A0C91BC942}") = "实验二", "实验二\实验二.vcxproj", "{71E4F3D9-C3B9-489F-AECF-F86922F876F7}"
EndProject
Project("{8BC9CEB8-8B4A-11D0-8D11-00A0C91BC942}") = "课后作业", "课后作业\课后作业.vcxproj", "{36080D5F-1F2F-4573-AC9A-53AAEEA22B55}"
EndProject
Project("{8BC9CEB8-8B4A-11D0-8D11-00A0C91BC942}") = "实验三", "实验三\实验三.vcxproj", "{2722FF5C-A68A-40A4-9BD7-CFBF157C2B7D}"
EndProject
Project("{8BC9CEB8-8B4A-11D0-8D11-00A0C91BC942}") = "实验3-5", "实验3-5\实验3-5.vcxproj", "{22DBAAB3-39F3-48C3-AFC3-B076DA1BAA44}"
EndProject
Project("{8BC9CEB8-8B4A-11D0-8D11-00A0C91BC942}") = "递归", "递归\递归.vcxproj", "{1B538532-28D3-49F9-9398-7E296B453BE3}"
EndProject
Project("{8BC9CEB8-8B4A-11D0-8D11-00A0C91BC942}") = "数组", "数组\数组.vcxproj", "{3EA23BDD-AA48-4438-BFEC-305DE8AFD1C4}"
EndProject
Project("{8BC9CEB8-8B4A-11D0-8D11-00A0C91BC942}") = "实验4-2", "实验4-2\实验4-2.vcxproj", "{57577A01-5655-4356-99FB-AB632C1F52BC}"
EndProject
Project("{8BC9CEB8-8B4A-11D0-8D11-00A0C91BC942}") = "实验4-3", "实验4-3\实验4-3.vcxproj", "{2AC05C9B-F3FF-45E1-8C3C-121CC1234753}"
EndProject
Project("{8BC9CEB8-8B4A-11D0-8D11-00A0C91BC942}") = "实验4-5", "实验4-5\实验4-5.vcxproj", "{BB424E90-7AAD-46EB-B450-3C587EF327D3}"
EndProject
Project("{8BC9CEB8-8B4A-11D0-8D11-00A0C91BC942}") = "实验4-4", "实验4-4\实验4-4.vcxproj", "{FC96315F-5A7F-40F6-AF2A-70F8C1831E1A}"
EndProject
Project("{8BC9CEB8-8B4A-11D0-8D11-00A0C91BC942}") = "实验4-1", "实验4-1\实验4-1.vcxproj", "{1119A84F-402E-474E-BDA4-6686A3D01D06}"
EndProject
Project("{8BC9CEB8-8B4A-11D0-8D11-00A0C91BC942}") = "数组2-3-1", "数组2-3-1\数组2-3-1.vcxproj", "{500A596F-1525-4D68-B5BA-0270FE078F4C}"
EndProject
Project("{8BC9CEB8-8B4A-11D0-8D11-00A0C91BC942}") = "数组2-3-2", "数组2-3-2\数组2-3-2.vcxproj", "{996C11A3-49EC-4F9C-B428-CA8CF18C23FA}"
EndProject
Project("{8BC9CEB8-8B4A-11D0-8D11-00A0C91BC942}") = "实验5-3", "实验5-3\实验5-3.vcxproj", "{E771A0B9-8D9E-4578-A947-BF14CAE2FBFF}"
EndProject
Project("{8BC9CEB8-8B4A-11D0-8D11-00A0C91BC942}") = "实验5-4", "实验5-4\实验5-4.vcxproj", "{2648B6F8-4016-4AA9-B380-9C86F9C73DE3}"
EndProject
Project("{8BC9CEB8-8B4A-11D0-8D11-00A0C91BC942}") = "字符数组1-3", "字符数组1-3\字符数组1-3.vcxproj", "{4EBD9C5C-1D36-49A5-8C65-3A5E1C3BA361}"
EndProject
Project("{8BC9CEB8-8B4A-11D0-8D11-00A0C91BC942}") = "换行", "换行\换行.vcxproj", "{620993DE-4632-4358-9FC0-7E4446898780}"
EndProject
Project("{8BC9CEB8-8B4A-11D0-8D11-00A0C91BC942}") = "转专业1", "转专业1\转专业1.vcxproj", "{9DACA6E9-03A5-4C5B-A0B9-E3885A135E9F}"
EndProject
Project("{8BC9CEB8-8B4A-11D0-8D11-00A0C91BC942}") = "转专业2", "转专业2\转专业2.vcxproj", "{75692903-7D81-4C0A-B605-0970C3948038}"
EndProject
Project("{8BC9CEB8-8B4A-11D0-8D11-00A0C91BC942}") = "转专业3", "转专业3\转专业3.vcxproj", "{743AD5E5-4079-4413-896F-28ADD1C249B3}"
EndProject
Project("{8BC9CEB8-8B4A-11D0-8D11-00A0C91BC942}") = "转专业4", "转专业4\转专业4.vcxproj", "{FE0C5725-B8C7-4F84-9462-DD9AA1705763}"
EndProject
Project("{8BC9CEB8-8B4A-11D0-8D11-00A0C91BC942}") = "转专业5", "转专业5\转专业5.vcxproj", "{70D58895-4CDB-49C5-AC0A-08627C75C48E}"
EndProject
Project("{8BC9CEB8-8B4A-11D0-8D11-00A0C91BC942}") = "14-1", "14-1\14-1.vcxproj", "{D5235522-CB15-4147-BA22-3FB19509434A}"
EndProject
Project("{8BC9CEB8-8B4A-11D0-8D11-00A0C91BC942}") = "实验6-2", "实验6-2\实验6-2.vcxproj", "{B9C6854B-0D2C-4FE2-BD6F-98976393D14C}"
EndProject
Global
	GlobalSection(SolutionConfigurationPlatforms) = preSolution
		Debug|x64 = Debug|x64
		Debug|x86 = Debug|x86
		Release|x64 = Release|x64
		Release|x86 = Release|x86
	EndGlobalSection
	GlobalSection(ProjectConfigurationPlatforms) = postSolution
		{C7B1BB24-CFAB-476B-9598-F7D17BE39D70}.Debug|x64.ActiveCfg = Debug|x64
		{C7B1BB24-CFAB-476B-9598-F7D17BE39D70}.Debug|x64.Build.0 = Debug|x64
		{C7B1BB24-CFAB-476B-9598-F7D17BE39D70}.Debug|x86.ActiveCfg = Debug|Win32
		{C7B1BB24-CFAB-476B-9598-F7D17BE39D70}.Debug|x86.Build.0 = Debug|Win32
		{C7B1BB24-CFAB-476B-9598-F7D17BE39D70}.Release|x64.ActiveCfg = Release|x64
		{C7B1BB24-CFAB-476B-9598-F7D17BE39D70}.Release|x64.Build.0 = Release|x64
		{C7B1BB24-CFAB-476B-9598-F7D17BE39D70}.Release|x86.ActiveCfg = Release|Win32
		{C7B1BB24-CFAB-476B-9598-F7D17BE39D70}.Release|x86.Build.0 = Release|Win32
		{B15B719D-482C-463C-BB76-4C310BCF539A}.Debug|x64.ActiveCfg = Debug|x64
		{B15B719D-482C-463C-BB76-4C310BCF539A}.Debug|x64.Build.0 = Debug|x64
		{B15B719D-482C-463C-BB76-4C310BCF539A}.Debug|x86.ActiveCfg = Debug|Win32
		{B15B719D-482C-463C-BB76-4C310BCF539A}.Debug|x86.Build.0 = Debug|Win32
		{B15B719D-482C-463C-BB76-4C310BCF539A}.Release|x64.ActiveCfg = Release|x64
		{B15B719D-482C-463C-BB76-4C310BCF539A}.Release|x64.Build.0 = Release|x64
		{B15B719D-482C-463C-BB76-4C310BCF539A}.Release|x86.ActiveCfg = Release|Win32
		{B15B719D-482C-463C-BB76-4C310BCF539A}.Release|x86.Build.0 = Release|Win32
		{D8B31FE4-AE2A-4D13-B1F3-4068CD3A0B9A}.Debug|x64.ActiveCfg = Debug|x64
		{D8B31FE4-AE2A-4D13-B1F3-4068CD3A0B9A}.Debug|x64.Build.0 = Debug|x64
		{D8B31FE4-AE2A-4D13-B1F3-4068CD3A0B9A}.Debug|x86.ActiveCfg = Debug|Win32
		{D8B31FE4-AE2A-4D13-B1F3-4068CD3A0B9A}.Debug|x86.Build.0 = Debug|Win32
		{D8B31FE4-AE2A-4D13-B1F3-4068CD3A0B9A}.Release|x64.ActiveCfg = Release|x64
		{D8B31FE4-AE2A-4D13-B1F3-4068CD3A0B9A}.Release|x64.Build.0 = Release|x64
		{D8B31FE4-AE2A-4D13-B1F3-4068CD3A0B9A}.Release|x86.ActiveCfg = Release|Win32
		{D8B31FE4-AE2A-4D13-B1F3-4068CD3A0B9A}.Release|x86.Build.0 = Release|Win32
		{A1E585AA-A433-4C0D-A71C-A356D14D6BD2}.Debug|x64.ActiveCfg = Debug|x64
		{A1E585AA-A433-4C0D-A71C-A356D14D6BD2}.Debug|x64.Build.0 = Debug|x64
		{A1E585AA-A433-4C0D-A71C-A356D14D6BD2}.Debug|x86.ActiveCfg = Debug|Win32
		{A1E585AA-A433-4C0D-A71C-A356D14D6BD2}.Debug|x86.Build.0 = Debug|Win32
		{A1E585AA-A433-4C0D-A71C-A356D14D6BD2}.Release|x64.ActiveCfg = Release|x64
		{A1E585AA-A433-4C0D-A71C-A356D14D6BD2}.Release|x64.Build.0 = Release|x64
		{A1E585AA-A433-4C0D-A71C-A356D14D6BD2}.Release|x86.ActiveCfg = Release|Win32
		{A1E585AA-A433-4C0D-A71C-A356D14D6BD2}.Release|x86.Build.0 = Release|Win32
		{9CEEDF3A-2DE6-42A2-BEDD-1699F7049B93}.Debug|x64.ActiveCfg = Debug|x64
		{9CEEDF3A-2DE6-42A2-BEDD-1699F7049B93}.Debug|x64.Build.0 = Debug|x64
		{9CEEDF3A-2DE6-42A2-BEDD-1699F7049B93}.Debug|x86.ActiveCfg = Debug|Win32
		{9CEEDF3A-2DE6-42A2-BEDD-1699F7049B93}.Debug|x86.Build.0 = Debug|Win32
		{9CEEDF3A-2DE6-42A2-BEDD-1699F7049B93}.Release|x64.ActiveCfg = Release|x64
		{9CEEDF3A-2DE6-42A2-BEDD-1699F7049B93}.Release|x64.Build.0 = Release|x64
		{9CEEDF3A-2DE6-42A2-BEDD-1699F7049B93}.Release|x86.ActiveCfg = Release|Win32
		{9CEEDF3A-2DE6-42A2-BEDD-1699F7049B93}.Release|x86.Build.0 = Release|Win32
		{906F58CA-20BD-41DE-AEC8-B717CAEC4729}.Debug|x64.ActiveCfg = Debug|x64
		{906F58CA-20BD-41DE-AEC8-B717CAEC4729}.Debug|x64.Build.0 = Debug|x64
		{906F58CA-20BD-41DE-AEC8-B717CAEC4729}.Debug|x86.ActiveCfg = Debug|Win32
		{906F58CA-20BD-41DE-AEC8-B717CAEC4729}.Debug|x86.Build.0 = Debug|Win32
		{906F58CA-20BD-41DE-AEC8-B717CAEC4729}.Release|x64.ActiveCfg = Release|x64
		{906F58CA-20BD-41DE-AEC8-B717CAEC4729}.Release|x64.Build.0 = Release|x64
		{906F58CA-20BD-41DE-AEC8-B717CAEC4729}.Release|x86.ActiveCfg = Release|Win32
		{906F58CA-20BD-41DE-AEC8-B717CAEC4729}.Release|x86.Build.0 = Release|Win32
		{EFB85D1B-9320-4DCD-8475-C627B76EB55C}.Debug|x64.ActiveCfg = Debug|x64
		{EFB85D1B-9320-4DCD-8475-C627B76EB55C}.Debug|x64.Build.0 = Debug|x64
		{EFB85D1B-9320-4DCD-8475-C627B76EB55C}.Debug|x86.ActiveCfg = Debug|Win32
		{EFB85D1B-9320-4DCD-8475-C627B76EB55C}.Debug|x86.Build.0 = Debug|Win32
		{EFB85D1B-9320-4DCD-8475-C627B76EB55C}.Release|x64.ActiveCfg = Release|x64
		{EFB85D1B-9320-4DCD-8475-C627B76EB55C}.Release|x64.Build.0 = Release|x64
		{EFB85D1B-9320-4DCD-8475-C627B76EB55C}.Release|x86.ActiveCfg = Release|Win32
		{EFB85D1B-9320-4DCD-8475-C627B76EB55C}.Release|x86.Build.0 = Release|Win32
		{C4EFAF17-00C8-4DC1-8FE7-BB7A63382EF3}.Debug|x64.ActiveCfg = Debug|x64
		{C4EFAF17-00C8-4DC1-8FE7-BB7A63382EF3}.Debug|x64.Build.0 = Debug|x64
		{C4EFAF17-00C8-4DC1-8FE7-BB7A63382EF3}.Debug|x86.ActiveCfg = Debug|Win32
		{C4EFAF17-00C8-4DC1-8FE7-BB7A63382EF3}.Debug|x86.Build.0 = Debug|Win32
		{C4EFAF17-00C8-4DC1-8FE7-BB7A63382EF3}.Release|x64.ActiveCfg = Release|x64
		{C4EFAF17-00C8-4DC1-8FE7-BB7A63382EF3}.Release|x64.Build.0 = Release|x64
		{C4EFAF17-00C8-4DC1-8FE7-BB7A63382EF3}.Release|x86.ActiveCfg = Release|Win32
		{C4EFAF17-00C8-4DC1-8FE7-BB7A63382EF3}.Release|x86.Build.0 = Release|Win32
		{760DA742-2778-4963-90C4-6D24F0B57956}.Debug|x64.ActiveCfg = Debug|x64
		{760DA742-2778-4963-90C4-6D24F0B57956}.Debug|x64.Build.0 = Debug|x64
		{760DA742-2778-4963-90C4-6D24F0B57956}.Debug|x86.ActiveCfg = Debug|Win32
		{760DA742-2778-4963-90C4-6D24F0B57956}.Debug|x86.Build.0 = Debug|Win32
		{760DA742-2778-4963-90C4-6D24F0B57956}.Release|x64.ActiveCfg = Release|x64
		{760DA742-2778-4963-90C4-6D24F0B57956}.Release|x64.Build.0 = Release|x64
		{760DA742-2778-4963-90C4-6D24F0B57956}.Release|x86.ActiveCfg = Release|Win32
		{760DA742-2778-4963-90C4-6D24F0B57956}.Release|x86.Build.0 = Release|Win32
		{8A392A77-6C0C-433F-81AB-21C0E3F45211}.Debug|x64.ActiveCfg = Debug|x64
		{8A392A77-6C0C-433F-81AB-21C0E3F45211}.Debug|x64.Build.0 = Debug|x64
		{8A392A77-6C0C-433F-81AB-21C0E3F45211}.Debug|x86.ActiveCfg = Debug|Win32
		{8A392A77-6C0C-433F-81AB-21C0E3F45211}.Debug|x86.Build.0 = Debug|Win32
		{8A392A77-6C0C-433F-81AB-21C0E3F45211}.Release|x64.ActiveCfg = Release|x64
		{8A392A77-6C0C-433F-81AB-21C0E3F45211}.Release|x64.Build.0 = Release|x64
		{8A392A77-6C0C-433F-81AB-21C0E3F45211}.Release|x86.ActiveCfg = Release|Win32
		{8A392A77-6C0C-433F-81AB-21C0E3F45211}.Release|x86.Build.0 = Release|Win32
		{808986DF-DA91-4BC8-B66B-CCD0B8F9CCEA}.Debug|x64.ActiveCfg = Debug|x64
		{808986DF-DA91-4BC8-B66B-CCD0B8F9CCEA}.Debug|x64.Build.0 = Debug|x64
		{808986DF-DA91-4BC8-B66B-CCD0B8F9CCEA}.Debug|x86.ActiveCfg = Debug|Win32
		{808986DF-DA91-4BC8-B66B-CCD0B8F9CCEA}.Debug|x86.Build.0 = Debug|Win32
		{808986DF-DA91-4BC8-B66B-CCD0B8F9CCEA}.Release|x64.ActiveCfg = Release|x64
		{808986DF-DA91-4BC8-B66B-CCD0B8F9CCEA}.Release|x64.Build.0 = Release|x64
		{808986DF-DA91-4BC8-B66B-CCD0B8F9CCEA}.Release|x86.ActiveCfg = Release|Win32
		{808986DF-DA91-4BC8-B66B-CCD0B8F9CCEA}.Release|x86.Build.0 = Release|Win32
		{B073EE61-3426-4653-B5E4-78B04B23B4F3}.Debug|x64.ActiveCfg = Debug|x64
		{B073EE61-3426-4653-B5E4-78B04B23B4F3}.Debug|x64.Build.0 = Debug|x64
		{B073EE61-3426-4653-B5E4-78B04B23B4F3}.Debug|x86.ActiveCfg = Debug|Win32
		{B073EE61-3426-4653-B5E4-78B04B23B4F3}.Debug|x86.Build.0 = Debug|Win32
		{B073EE61-3426-4653-B5E4-78B04B23B4F3}.Release|x64.ActiveCfg = Release|x64
		{B073EE61-3426-4653-B5E4-78B04B23B4F3}.Release|x64.Build.0 = Release|x64
		{B073EE61-3426-4653-B5E4-78B04B23B4F3}.Release|x86.ActiveCfg = Release|Win32
		{B073EE61-3426-4653-B5E4-78B04B23B4F3}.Release|x86.Build.0 = Release|Win32
		{D45265F3-9511-4A43-99B1-A7FADD1B223D}.Debug|x64.ActiveCfg = Debug|x64
		{D45265F3-9511-4A43-99B1-A7FADD1B223D}.Debug|x64.Build.0 = Debug|x64
		{D45265F3-9511-4A43-99B1-A7FADD1B223D}.Debug|x86.ActiveCfg = Debug|Win32
		{D45265F3-9511-4A43-99B1-A7FADD1B223D}.Debug|x86.Build.0 = Debug|Win32
		{D45265F3-9511-4A43-99B1-A7FADD1B223D}.Release|x64.ActiveCfg = Release|x64
		{D45265F3-9511-4A43-99B1-A7FADD1B223D}.Release|x64.Build.0 = Release|x64
		{D45265F3-9511-4A43-99B1-A7FADD1B223D}.Release|x86.ActiveCfg = Release|Win32
		{D45265F3-9511-4A43-99B1-A7FADD1B223D}.Release|x86.Build.0 = Release|Win32
		{143B88F6-69E7-480F-8596-7D9EEFABE5FA}.Debug|x64.ActiveCfg = Debug|x64
		{143B88F6-69E7-480F-8596-7D9EEFABE5FA}.Debug|x64.Build.0 = Debug|x64
		{143B88F6-69E7-480F-8596-7D9EEFABE5FA}.Debug|x86.ActiveCfg = Debug|Win32
		{143B88F6-69E7-480F-8596-7D9EEFABE5FA}.Debug|x86.Build.0 = Debug|Win32
		{143B88F6-69E7-480F-8596-7D9EEFABE5FA}.Release|x64.ActiveCfg = Release|x64
		{143B88F6-69E7-480F-8596-7D9EEFABE5FA}.Release|x64.Build.0 = Release|x64
		{143B88F6-69E7-480F-8596-7D9EEFABE5FA}.Release|x86.ActiveCfg = Release|Win32
		{143B88F6-69E7-480F-8596-7D9EEFABE5FA}.Release|x86.Build.0 = Release|Win32
		{71E4F3D9-C3B9-489F-AECF-F86922F876F7}.Debug|x64.ActiveCfg = Debug|x64
		{71E4F3D9-C3B9-489F-AECF-F86922F876F7}.Debug|x64.Build.0 = Debug|x64
		{71E4F3D9-C3B9-489F-AECF-F86922F876F7}.Debug|x86.ActiveCfg = Debug|Win32
		{71E4F3D9-C3B9-489F-AECF-F86922F876F7}.Debug|x86.Build.0 = Debug|Win32
		{71E4F3D9-C3B9-489F-AECF-F86922F876F7}.Release|x64.ActiveCfg = Release|x64
		{71E4F3D9-C3B9-489F-AECF-F86922F876F7}.Release|x64.Build.0 = Release|x64
		{71E4F3D9-C3B9-489F-AECF-F86922F876F7}.Release|x86.ActiveCfg = Release|Win32
		{71E4F3D9-C3B9-489F-AECF-F86922F876F7}.Release|x86.Build.0 = Release|Win32
		{36080D5F-1F2F-4573-AC9A-53AAEEA22B55}.Debug|x64.ActiveCfg = Debug|x64
		{36080D5F-1F2F-4573-AC9A-53AAEEA22B55}.Debug|x64.Build.0 = Debug|x64
		{36080D5F-1F2F-4573-AC9A-53AAEEA22B55}.Debug|x86.ActiveCfg = Debug|Win32
		{36080D5F-1F2F-4573-AC9A-53AAEEA22B55}.Debug|x86.Build.0 = Debug|Win32
		{36080D5F-1F2F-4573-AC9A-53AAEEA22B55}.Release|x64.ActiveCfg = Release|x64
		{36080D5F-1F2F-4573-AC9A-53AAEEA22B55}.Release|x64.Build.0 = Release|x64
		{36080D5F-1F2F-4573-AC9A-53AAEEA22B55}.Release|x86.ActiveCfg = Release|Win32
		{36080D5F-1F2F-4573-AC9A-53AAEEA22B55}.Release|x86.Build.0 = Release|Win32
		{2722FF5C-A68A-40A4-9BD7-CFBF157C2B7D}.Debug|x64.ActiveCfg = Debug|x64
		{2722FF5C-A68A-40A4-9BD7-CFBF157C2B7D}.Debug|x64.Build.0 = Debug|x64
		{2722FF5C-A68A-40A4-9BD7-CFBF157C2B7D}.Debug|x86.ActiveCfg = Debug|Win32
		{2722FF5C-A68A-40A4-9BD7-CFBF157C2B7D}.Debug|x86.Build.0 = Debug|Win32
		{2722FF5C-A68A-40A4-9BD7-CFBF157C2B7D}.Release|x64.ActiveCfg = Release|x64
		{2722FF5C-A68A-40A4-9BD7-CFBF157C2B7D}.Release|x64.Build.0 = Release|x64
		{2722FF5C-A68A-40A4-9BD7-CFBF157C2B7D}.Release|x86.ActiveCfg = Release|Win32
		{2722FF5C-A68A-40A4-9BD7-CFBF157C2B7D}.Release|x86.Build.0 = Release|Win32
		{22DBAAB3-39F3-48C3-AFC3-B076DA1BAA44}.Debug|x64.ActiveCfg = Debug|x64
		{22DBAAB3-39F3-48C3-AFC3-B076DA1BAA44}.Debug|x64.Build.0 = Debug|x64
		{22DBAAB3-39F3-48C3-AFC3-B076DA1BAA44}.Debug|x86.ActiveCfg = Debug|Win32
		{22DBAAB3-39F3-48C3-AFC3-B076DA1BAA44}.Debug|x86.Build.0 = Debug|Win32
		{22DBAAB3-39F3-48C3-AFC3-B076DA1BAA44}.Release|x64.ActiveCfg = Release|x64
		{22DBAAB3-39F3-48C3-AFC3-B076DA1BAA44}.Release|x64.Build.0 = Release|x64
		{22DBAAB3-39F3-48C3-AFC3-B076DA1BAA44}.Release|x86.ActiveCfg = Release|Win32
		{22DBAAB3-39F3-48C3-AFC3-B076DA1BAA44}.Release|x86.Build.0 = Release|Win32
		{1B538532-28D3-49F9-9398-7E296B453BE3}.Debug|x64.ActiveCfg = Debug|x64
		{1B538532-28D3-49F9-9398-7E296B453BE3}.Debug|x64.Build.0 = Debug|x64
		{1B538532-28D3-49F9-9398-7E296B453BE3}.Debug|x86.ActiveCfg = Debug|Win32
		{1B538532-28D3-49F9-9398-7E296B453BE3}.Debug|x86.Build.0 = Debug|Win32
		{1B538532-28D3-49F9-9398-7E296B453BE3}.Release|x64.ActiveCfg = Release|x64
		{1B538532-28D3-49F9-9398-7E296B453BE3}.Release|x64.Build.0 = Release|x64
		{1B538532-28D3-49F9-9398-7E296B453BE3}.Release|x86.ActiveCfg = Release|Win32
		{1B538532-28D3-49F9-9398-7E296B453BE3}.Release|x86.Build.0 = Release|Win32
		{3EA23BDD-AA48-4438-BFEC-305DE8AFD1C4}.Debug|x64.ActiveCfg = Debug|x64
		{3EA23BDD-AA48-4438-BFEC-305DE8AFD1C4}.Debug|x64.Build.0 = Debug|x64
		{3EA23BDD-AA48-4438-BFEC-305DE8AFD1C4}.Debug|x86.ActiveCfg = Debug|Win32
		{3EA23BDD-AA48-4438-BFEC-305DE8AFD1C4}.Debug|x86.Build.0 = Debug|Win32
		{3EA23BDD-AA48-4438-BFEC-305DE8AFD1C4}.Release|x64.ActiveCfg = Release|x64
		{3EA23BDD-AA48-4438-BFEC-305DE8AFD1C4}.Release|x64.Build.0 = Release|x64
		{3EA23BDD-AA48-4438-BFEC-305DE8AFD1C4}.Release|x86.ActiveCfg = Release|Win32
		{3EA23BDD-AA48-4438-BFEC-305DE8AFD1C4}.Release|x86.Build.0 = Release|Win32
		{57577A01-5655-4356-99FB-AB632C1F52BC}.Debug|x64.ActiveCfg = Debug|x64
		{57577A01-5655-4356-99FB-AB632C1F52BC}.Debug|x64.Build.0 = Debug|x64
		{57577A01-5655-4356-99FB-AB632C1F52BC}.Debug|x86.ActiveCfg = Debug|Win32
		{57577A01-5655-4356-99FB-AB632C1F52BC}.Debug|x86.Build.0 = Debug|Win32
		{57577A01-5655-4356-99FB-AB632C1F52BC}.Release|x64.ActiveCfg = Release|x64
		{57577A01-5655-4356-99FB-AB632C1F52BC}.Release|x64.Build.0 = Release|x64
		{57577A01-5655-4356-99FB-AB632C1F52BC}.Release|x86.ActiveCfg = Release|Win32
		{57577A01-5655-4356-99FB-AB632C1F52BC}.Release|x86.Build.0 = Release|Win32
		{2AC05C9B-F3FF-45E1-8C3C-121CC1234753}.Debug|x64.ActiveCfg = Debug|x64
		{2AC05C9B-F3FF-45E1-8C3C-121CC1234753}.Debug|x64.Build.0 = Debug|x64
		{2AC05C9B-F3FF-45E1-8C3C-121CC1234753}.Debug|x86.ActiveCfg = Debug|Win32
		{2AC05C9B-F3FF-45E1-8C3C-121CC1234753}.Debug|x86.Build.0 = Debug|Win32
		{2AC05C9B-F3FF-45E1-8C3C-121CC1234753}.Release|x64.ActiveCfg = Release|x64
		{2AC05C9B-F3FF-45E1-8C3C-121CC1234753}.Release|x64.Build.0 = Release|x64
		{2AC05C9B-F3FF-45E1-8C3C-121CC1234753}.Release|x86.ActiveCfg = Release|Win32
		{2AC05C9B-F3FF-45E1-8C3C-121CC1234753}.Release|x86.Build.0 = Release|Win32
		{BB424E90-7AAD-46EB-B450-3C587EF327D3}.Debug|x64.ActiveCfg = Debug|x64
		{BB424E90-7AAD-46EB-B450-3C587EF327D3}.Debug|x64.Build.0 = Debug|x64
		{BB424E90-7AAD-46EB-B450-3C587EF327D3}.Debug|x86.ActiveCfg = Debug|Win32
		{BB424E90-7AAD-46EB-B450-3C587EF327D3}.Debug|x86.Build.0 = Debug|Win32
		{BB424E90-7AAD-46EB-B450-3C587EF327D3}.Release|x64.ActiveCfg = Release|x64
		{BB424E90-7AAD-46EB-B450-3C587EF327D3}.Release|x64.Build.0 = Release|x64
		{BB424E90-7AAD-46EB-B450-3C587EF327D3}.Release|x86.ActiveCfg = Release|Win32
		{BB424E90-7AAD-46EB-B450-3C587EF327D3}.Release|x86.Build.0 = Release|Win32
		{FC96315F-5A7F-40F6-AF2A-70F8C1831E1A}.Debug|x64.ActiveCfg = Debug|x64
		{FC96315F-5A7F-40F6-AF2A-70F8C1831E1A}.Debug|x64.Build.0 = Debug|x64
		{FC96315F-5A7F-40F6-AF2A-70F8C1831E1A}.Debug|x86.ActiveCfg = Debug|Win32
		{FC96315F-5A7F-40F6-AF2A-70F8C1831E1A}.Debug|x86.Build.0 = Debug|Win32
		{FC96315F-5A7F-40F6-AF2A-70F8C1831E1A}.Release|x64.ActiveCfg = Release|x64
		{FC96315F-5A7F-40F6-AF2A-70F8C1831E1A}.Release|x64.Build.0 = Release|x64
		{FC96315F-5A7F-40F6-AF2A-70F8C1831E1A}.Release|x86.ActiveCfg = Release|Win32
		{FC96315F-5A7F-40F6-AF2A-70F8C1831E1A}.Release|x86.Build.0 = Release|Win32
		{1119A84F-402E-474E-BDA4-6686A3D01D06}.Debug|x64.ActiveCfg = Debug|x64
		{1119A84F-402E-474E-BDA4-6686A3D01D06}.Debug|x64.Build.0 = Debug|x64
		{1119A84F-402E-474E-BDA4-6686A3D01D06}.Debug|x86.ActiveCfg = Debug|Win32
		{1119A84F-402E-474E-BDA4-6686A3D01D06}.Debug|x86.Build.0 = Debug|Win32
		{1119A84F-402E-474E-BDA4-6686A3D01D06}.Release|x64.ActiveCfg = Release|x64
		{1119A84F-402E-474E-BDA4-6686A3D01D06}.Release|x64.Build.0 = Release|x64
		{1119A84F-402E-474E-BDA4-6686A3D01D06}.Release|x86.ActiveCfg = Release|Win32
		{1119A84F-402E-474E-BDA4-6686A3D01D06}.Release|x86.Build.0 = Release|Win32
		{500A596F-1525-4D68-B5BA-0270FE078F4C}.Debug|x64.ActiveCfg = Debug|x64
		{500A596F-1525-4D68-B5BA-0270FE078F4C}.Debug|x64.Build.0 = Debug|x64
		{500A596F-1525-4D68-B5BA-0270FE078F4C}.Debug|x86.ActiveCfg = Debug|Win32
		{500A596F-1525-4D68-B5BA-0270FE078F4C}.Debug|x86.Build.0 = Debug|Win32
		{500A596F-1525-4D68-B5BA-0270FE078F4C}.Release|x64.ActiveCfg = Release|x64
		{500A596F-1525-4D68-B5BA-0270FE078F4C}.Release|x64.Build.0 = Release|x64
		{500A596F-1525-4D68-B5BA-0270FE078F4C}.Release|x86.ActiveCfg = Release|Win32
		{500A596F-1525-4D68-B5BA-0270FE078F4C}.Release|x86.Build.0 = Release|Win32
		{996C11A3-49EC-4F9C-B428-CA8CF18C23FA}.Debug|x64.ActiveCfg = Debug|x64
		{996C11A3-49EC-4F9C-B428-CA8CF18C23FA}.Debug|x64.Build.0 = Debug|x64
		{996C11A3-49EC-4F9C-B428-CA8CF18C23FA}.Debug|x86.ActiveCfg = Debug|Win32
		{996C11A3-49EC-4F9C-B428-CA8CF18C23FA}.Debug|x86.Build.0 = Debug|Win32
		{996C11A3-49EC-4F9C-B428-CA8CF18C23FA}.Release|x64.ActiveCfg = Release|x64
		{996C11A3-49EC-4F9C-B428-CA8CF18C23FA}.Release|x64.Build.0 = Release|x64
		{996C11A3-49EC-4F9C-B428-CA8CF18C23FA}.Release|x86.ActiveCfg = Release|Win32
		{996C11A3-49EC-4F9C-B428-CA8CF18C23FA}.Release|x86.Build.0 = Release|Win32
		{E771A0B9-8D9E-4578-A947-BF14CAE2FBFF}.Debug|x64.ActiveCfg = Debug|x64
		{E771A0B9-8D9E-4578-A947-BF14CAE2FBFF}.Debug|x64.Build.0 = Debug|x64
		{E771A0B9-8D9E-4578-A947-BF14CAE2FBFF}.Debug|x86.ActiveCfg = Debug|Win32
		{E771A0B9-8D9E-4578-A947-BF14CAE2FBFF}.Debug|x86.Build.0 = Debug|Win32
		{E771A0B9-8D9E-4578-A947-BF14CAE2FBFF}.Release|x64.ActiveCfg = Release|x64
		{E771A0B9-8D9E-4578-A947-BF14CAE2FBFF}.Release|x64.Build.0 = Release|x64
		{E771A0B9-8D9E-4578-A947-BF14CAE2FBFF}.Release|x86.ActiveCfg = Release|Win32
		{E771A0B9-8D9E-4578-A947-BF14CAE2FBFF}.Release|x86.Build.0 = Release|Win32
		{2648B6F8-4016-4AA9-B380-9C86F9C73DE3}.Debug|x64.ActiveCfg = Debug|x64
		{2648B6F8-4016-4AA9-B380-9C86F9C73DE3}.Debug|x64.Build.0 = Debug|x64
		{2648B6F8-4016-4AA9-B380-9C86F9C73DE3}.Debug|x86.ActiveCfg = Debug|Win32
		{2648B6F8-4016-4AA9-B380-9C86F9C73DE3}.Debug|x86.Build.0 = Debug|Win32
		{2648B6F8-4016-4AA9-B380-9C86F9C73DE3}.Release|x64.ActiveCfg = Release|x64
		{2648B6F8-4016-4AA9-B380-9C86F9C73DE3}.Release|x64.Build.0 = Release|x64
		{2648B6F8-4016-4AA9-B380-9C86F9C73DE3}.Release|x86.ActiveCfg = Release|Win32
		{2648B6F8-4016-4AA9-B380-9C86F9C73DE3}.Release|x86.Build.0 = Release|Win32
		{4EBD9C5C-1D36-49A5-8C65-3A5E1C3BA361}.Debug|x64.ActiveCfg = Debug|x64
		{4EBD9C5C-1D36-49A5-8C65-3A5E1C3BA361}.Debug|x64.Build.0 = Debug|x64
		{4EBD9C5C-1D36-49A5-8C65-3A5E1C3BA361}.Debug|x86.ActiveCfg = Debug|Win32
		{4EBD9C5C-1D36-49A5-8C65-3A5E1C3BA361}.Debug|x86.Build.0 = Debug|Win32
		{4EBD9C5C-1D36-49A5-8C65-3A5E1C3BA361}.Release|x64.ActiveCfg = Release|x64
		{4EBD9C5C-1D36-49A5-8C65-3A5E1C3BA361}.Release|x64.Build.0 = Release|x64
		{4EBD9C5C-1D36-49A5-8C65-3A5E1C3BA361}.Release|x86.ActiveCfg = Release|Win32
		{4EBD9C5C-1D36-49A5-8C65-3A5E1C3BA361}.Release|x86.Build.0 = Release|Win32
		{620993DE-4632-4358-9FC0-7E4446898780}.Debug|x64.ActiveCfg = Debug|x64
		{620993DE-4632-4358-9FC0-7E4446898780}.Debug|x64.Build.0 = Debug|x64
		{620993DE-4632-4358-9FC0-7E4446898780}.Debug|x86.ActiveCfg = Debug|Win32
		{620993DE-4632-4358-9FC0-7E4446898780}.Debug|x86.Build.0 = Debug|Win32
		{620993DE-4632-4358-9FC0-7E4446898780}.Release|x64.ActiveCfg = Release|x64
		{620993DE-4632-4358-9FC0-7E4446898780}.Release|x64.Build.0 = Release|x64
		{620993DE-4632-4358-9FC0-7E4446898780}.Release|x86.ActiveCfg = Release|Win32
		{620993DE-4632-4358-9FC0-7E4446898780}.Release|x86.Build.0 = Release|Win32
		{9DACA6E9-03A5-4C5B-A0B9-E3885A135E9F}.Debug|x64.ActiveCfg = Debug|x64
		{9DACA6E9-03A5-4C5B-A0B9-E3885A135E9F}.Debug|x64.Build.0 = Debug|x64
		{9DACA6E9-03A5-4C5B-A0B9-E3885A135E9F}.Debug|x86.ActiveCfg = Debug|Win32
		{9DACA6E9-03A5-4C5B-A0B9-E3885A135E9F}.Debug|x86.Build.0 = Debug|Win32
		{9DACA6E9-03A5-4C5B-A0B9-E3885A135E9F}.Release|x64.ActiveCfg = Release|x64
		{9DACA6E9-03A5-4C5B-A0B9-E3885A135E9F}.Release|x64.Build.0 = Release|x64
		{9DACA6E9-03A5-4C5B-A0B9-E3885A135E9F}.Release|x86.ActiveCfg = Release|Win32
		{9DACA6E9-03A5-4C5B-A0B9-E3885A135E9F}.Release|x86.Build.0 = Release|Win32
		{75692903-7D81-4C0A-B605-0970C3948038}.Debug|x64.ActiveCfg = Debug|x64
		{75692903-7D81-4C0A-B605-0970C3948038}.Debug|x64.Build.0 = Debug|x64
		{75692903-7D81-4C0A-B605-0970C3948038}.Debug|x86.ActiveCfg = Debug|Win32
		{75692903-7D81-4C0A-B605-0970C3948038}.Debug|x86.Build.0 = Debug|Win32
		{75692903-7D81-4C0A-B605-0970C3948038}.Release|x64.ActiveCfg = Release|x64
		{75692903-7D81-4C0A-B605-0970C3948038}.Release|x64.Build.0 = Release|x64
		{75692903-7D81-4C0A-B605-0970C3948038}.Release|x86.ActiveCfg = Release|Win32
		{75692903-7D81-4C0A-B605-0970C3948038}.Release|x86.Build.0 = Release|Win32
		{743AD5E5-4079-4413-896F-28ADD1C249B3}.Debug|x64.ActiveCfg = Debug|x64
		{743AD5E5-4079-4413-896F-28ADD1C249B3}.Debug|x64.Build.0 = Debug|x64
		{743AD5E5-4079-4413-896F-28ADD1C249B3}.Debug|x86.ActiveCfg = Debug|Win32
		{743AD5E5-4079-4413-896F-28ADD1C249B3}.Debug|x86.Build.0 = Debug|Win32
		{743AD5E5-4079-4413-896F-28ADD1C249B3}.Release|x64.ActiveCfg = Release|x64
		{743AD5E5-4079-4413-896F-28ADD1C249B3}.Release|x64.Build.0 = Release|x64
		{743AD5E5-4079-4413-896F-28ADD1C249B3}.Release|x86.ActiveCfg = Release|Win32
		{743AD5E5-4079-4413-896F-28ADD1C249B3}.Release|x86.Build.0 = Release|Win32
		{FE0C5725-B8C7-4F84-9462-DD9AA1705763}.Debug|x64.ActiveCfg = Debug|x64
		{FE0C5725-B8C7-4F84-9462-DD9AA1705763}.Debug|x64.Build.0 = Debug|x64
		{FE0C5725-B8C7-4F84-9462-DD9AA1705763}.Debug|x86.ActiveCfg = Debug|Win32
		{FE0C5725-B8C7-4F84-9462-DD9AA1705763}.Debug|x86.Build.0 = Debug|Win32
		{FE0C5725-B8C7-4F84-9462-DD9AA1705763}.Release|x64.ActiveCfg = Release|x64
		{FE0C5725-B8C7-4F84-9462-DD9AA1705763}.Release|x64.Build.0 = Release|x64
		{FE0C5725-B8C7-4F84-9462-DD9AA1705763}.Release|x86.ActiveCfg = Release|Win32
		{FE0C5725-B8C7-4F84-9462-DD9AA1705763}.Release|x86.Build.0 = Release|Win32
		{70D58895-4CDB-49C5-AC0A-08627C75C48E}.Debug|x64.ActiveCfg = Debug|x64
		{70D58895-4CDB-49C5-AC0A-08627C75C48E}.Debug|x64.Build.0 = Debug|x64
		{70D58895-4CDB-49C5-AC0A-08627C75C48E}.Debug|x86.ActiveCfg = Debug|Win32
		{70D58895-4CDB-49C5-AC0A-08627C75C48E}.Debug|x86.Build.0 = Debug|Win32
		{70D58895-4CDB-49C5-AC0A-08627C75C48E}.Release|x64.ActiveCfg = Release|x64
		{70D58895-4CDB-49C5-AC0A-08627C75C48E}.Release|x64.Build.0 = Release|x64
		{70D58895-4CDB-49C5-AC0A-08627C75C48E}.Release|x86.ActiveCfg = Release|Win32
		{70D58895-4CDB-49C5-AC0A-08627C75C48E}.Release|x86.Build.0 = Release|Win32
		{D5235522-CB15-4147-BA22-3FB19509434A}.Debug|x64.ActiveCfg = Debug|x64
		{D5235522-CB15-4147-BA22-3FB19509434A}.Debug|x64.Build.0 = Debug|x64
		{D5235522-CB15-4147-BA22-3FB19509434A}.Debug|x86.ActiveCfg = Debug|Win32
		{D5235522-CB15-4147-BA22-3FB19509434A}.Debug|x86.Build.0 = Debug|Win32
		{D5235522-CB15-4147-BA22-3FB19509434A}.Release|x64.ActiveCfg = Release|x64
		{D5235522-CB15-4147-BA22-3FB19509434A}.Release|x64.Build.0 = Release|x64
		{D5235522-CB15-4147-BA22-3FB19509434A}.Release|x86.ActiveCfg = Release|Win32
		{D5235522-CB15-4147-BA22-3FB19509434A}.Release|x86.Build.0 = Release|Win32
		{B9C6854B-0D2C-4FE2-BD6F-98976393D14C}.Debug|x64.ActiveCfg = Debug|x64
		{B9C6854B-0D2C-4FE2-BD6F-98976393D14C}.Debug|x64.Build.0 = Debug|x64
		{B9C6854B-0D2C-4FE2-BD6F-98976393D14C}.Debug|x86.ActiveCfg = Debug|Win32
		{B9C6854B-0D2C-4FE2-BD6F-98976393D14C}.Debug|x86.Build.0 = Debug|Win32
		{B9C6854B-0D2C-4FE2-BD6F-98976393D14C}.Release|x64.ActiveCfg = Release|x64
		{B9C6854B-0D2C-4FE2-BD6F-98976393D14C}.Release|x64.Build.0 = Release|x64
		{B9C6854B-0D2C-4FE2-BD6F-98976393D14C}.Release|x86.ActiveCfg = Release|Win32
		{B9C6854B-0D2C-4FE2-BD6F-98976393D14C}.Release|x86.Build.0 = Release|Win32
	EndGlobalSection
	GlobalSection(SolutionProperties) = preSolution
		HideSolutionNode = FALSE
	EndGlobalSection
	GlobalSection(ExtensibilityGlobals) = postSolution
		SolutionGuid = {63EED7AB-7557-45D8-BB7B-4B7C42B48B08}
	EndGlobalSection
EndGlobal
