
Microsoft Visual Studio Solution File, Format Version 12.00
# Visual Studio Version 16
VisualStudioVersion = 16.0.29806.167
MinimumVisualStudioVersion = 10.0.40219.1
Project("{8BC9CEB8-8B4A-11D0-8D11-00A0C91BC942}") = "课前测试", "课前测试\课前测试.vcxproj", "{C7B1BB24-CFAB-476B-9598-F7D17BE39D70}"
EndProject
Project("{8BC9CEB8-8B4A-11D0-8D11-00A0C91BC942}") = "2.1", "2.1\2.1.vcxproj", "{392B7ED3-3D61-4890-B1D3-E27E8B69368B}"
EndProject
Project("{8BC9CEB8-8B4A-11D0-8D11-00A0C91BC942}") = "2-2", "2-2\2-2.vcxproj", "{4BE8EA71-B86D-42D8-BCC7-1DF0487B522B}"
EndProject
Project("{8BC9CEB8-8B4A-11D0-8D11-00A0C91BC942}") = "课前测试第二章", "课前测试第二章\课前测试第二章.vcxproj", "{B15B719D-482C-463C-BB76-4C310BCF539A}"
EndProject
Project("{8BC9CEB8-8B4A-11D0-8D11-00A0C91BC942}") = "3.1", "3.1\3.1.vcxproj", "{D8B31FE4-AE2A-4D13-B1F3-4068CD3A0B9A}"
EndProject
Project("{8BC9CEB8-8B4A-11D0-8D11-00A0C91BC942}") = "3.2", "3.2\3.2.vcxproj", "{A1E585AA-A433-4C0D-A71C-A356D14D6BD2}"
EndProject
Project("{8BC9CEB8-8B4A-11D0-8D11-00A0C91BC942}") = "课前测第三章", "课前测第三章\课前测第三章.vcxproj", "{9CEEDF3A-2DE6-42A2-BEDD-1699F7049B93}"
EndProject
Project("{8BC9CEB8-8B4A-11D0-8D11-00A0C91BC942}") = "4.1", "4.1\4.1.vcxproj", "{906F58CA-20BD-41DE-AEC8-B717CAEC4729}"
EndProject
Project("{8BC9CEB8-8B4A-11D0-8D11-00A0C91BC942}") = "4.2", "4.2\4.2.vcxproj", "{EFB85D1B-9320-4DCD-8475-C627B76EB55C}"
EndProject
Project("{8BC9CEB8-8B4A-11D0-8D11-00A0C91BC942}") = "课前测试5", "课前测试5\课前测试5.vcxproj", "{C4EFAF17-00C8-4DC1-8FE7-BB7A63382EF3}"
EndProject
Project("{8BC9CEB8-8B4A-11D0-8D11-00A0C91BC942}") = "5.1", "5.1\5.1.vcxproj", "{760DA742-2778-4963-90C4-6D24F0B57956}"
EndProject
Project("{8BC9CEB8-8B4A-11D0-8D11-00A0C91BC942}") = "5.2", "5.2\5.2.vcxproj", "{8A392A77-6C0C-433F-81AB-21C0E3F45211}"
EndProject
Project("{8BC9CEB8-8B4A-11D0-8D11-00A0C91BC942}") = "测试 4", "测试 4\测试 4.vcxproj", "{808986DF-DA91-4BC8-B66B-CCD0B8F9CCEA}"
EndProject
Project("{8BC9CEB8-8B4A-11D0-8D11-00A0C91BC942}") = "课前测试3", "课前测试3\课前测试3.vcxproj", "{B073EE61-3426-4653-B5E4-78B04B23B4F3}"
EndProject
Project("{8BC9CEB8-8B4A-11D0-8D11-00A0C91BC942}") = "第6次作业", "第6次作业\第6次作业.vcxproj", "{D45265F3-9511-4A43-99B1-A7FADD1B223D}"
EndProject
Project("{8BC9CEB8-8B4A-11D0-8D11-00A0C91BC942}") = "实验课", "实验课\实验课.vcxproj", "{143B88F6-69E7-480F-8596-7D9EEFABE5FA}"
EndProject
Project("{8BC9CEB8-8B4A-11D0-8D11-00A0C91BC942}") = "实验二", "实验二\实验二.vcxproj", "{71E4F3D9-C3B9-489F-AECF-F86922F876F7}"
EndProject
Project("{8BC9CEB8-8B4A-11D0-8D11-00A0C91BC942}") = "课后作业", "课后作业\课后作业.vcxproj", "{36080D5F-1F2F-4573-AC9A-53AAEEA22B55}"
EndProject
Project("{8BC9CEB8-8B4A-11D0-8D11-00A0C91BC942}") = "实验三", "实验三\实验三.vcxproj", "{2722FF5C-A68A-40A4-9BD7-CFBF157C2B7D}"
EndProject
Project("{8BC9CEB8-8B4A-11D0-8D11-00A0C91BC942}") = "实验3-5", "实验3-5\实验3-5.vcxproj", "{22DBAAB3-39F3-48C3-AFC3-B076DA1BAA44}"
EndProject
Global
	GlobalSection(SolutionConfigurationPlatforms) = preSolution
		Debug|x64 = Debug|x64
		Debug|x86 = Debug|x86
		Release|x64 = Release|x64
		Release|x86 = Release|x86
	EndGlobalSection
	GlobalSection(ProjectConfigurationPlatforms) = postSolution
		{C7B1BB24-CFAB-476B-9598-F7D17BE39D70}.Debug|x64.ActiveCfg = Debug|x64
		{C7B1BB24-CFAB-476B-9598-F7D17BE39D70}.Debug|x64.Build.0 = Debug|x64
		{C7B1BB24-CFAB-476B-9598-F7D17BE39D70}.Debug|x86.ActiveCfg = Debug|Win32
		{C7B1BB24-CFAB-476B-9598-F7D17BE39D70}.Debug|x86.Build.0 = Debug|Win32
		{C7B1BB24-CFAB-476B-9598-F7D17BE39D70}.Release|x64.ActiveCfg = Release|x64
		{C7B1BB24-CFAB-476B-9598-F7D17BE39D70}.Release|x64.Build.0 = Release|x64
		{C7B1BB24-CFAB-476B-9598-F7D17BE39D70}.Release|x86.ActiveCfg = Release|Win32
		{C7B1BB24-CFAB-476B-9598-F7D17BE39D70}.Release|x86.Build.0 = Release|Win32
		{392B7ED3-3D61-4890-B1D3-E27E8B69368B}.Debug|x64.ActiveCfg = Debug|x64
		{392B7ED3-3D61-4890-B1D3-E27E8B69368B}.Debug|x64.Build.0 = Debug|x64
		{392B7ED3-3D61-4890-B1D3-E27E8B69368B}.Debug|x86.ActiveCfg = Debug|Win32
		{392B7ED3-3D61-4890-B1D3-E27E8B69368B}.Debug|x86.Build.0 = Debug|Win32
		{392B7ED3-3D61-4890-B1D3-E27E8B69368B}.Release|x64.ActiveCfg = Release|x64
		{392B7ED3-3D61-4890-B1D3-E27E8B69368B}.Release|x64.Build.0 = Release|x64
		{392B7ED3-3D61-4890-B1D3-E27E8B69368B}.Release|x86.ActiveCfg = Release|Win32
		{392B7ED3-3D61-4890-B1D3-E27E8B69368B}.Release|x86.Build.0 = Release|Win32
		{4BE8EA71-B86D-42D8-BCC7-1DF0487B522B}.Debug|x64.ActiveCfg = Debug|x64
		{4BE8EA71-B86D-42D8-BCC7-1DF0487B522B}.Debug|x64.Build.0 = Debug|x64
		{4BE8EA71-B86D-42D8-BCC7-1DF0487B522B}.Debug|x86.ActiveCfg = Debug|Win32
		{4BE8EA71-B86D-42D8-BCC7-1DF0487B522B}.Debug|x86.Build.0 = Debug|Win32
		{4BE8EA71-B86D-42D8-BCC7-1DF0487B522B}.Release|x64.ActiveCfg = Release|x64
		{4BE8EA71-B86D-42D8-BCC7-1DF0487B522B}.Release|x64.Build.0 = Release|x64
		{4BE8EA71-B86D-42D8-BCC7-1DF0487B522B}.Release|x86.ActiveCfg = Release|Win32
		{4BE8EA71-B86D-42D8-BCC7-1DF0487B522B}.Release|x86.Build.0 = Release|Win32
		{B15B719D-482C-463C-BB76-4C310BCF539A}.Debug|x64.ActiveCfg = Debug|x64
		{B15B719D-482C-463C-BB76-4C310BCF539A}.Debug|x64.Build.0 = Debug|x64
		{B15B719D-482C-463C-BB76-4C310BCF539A}.Debug|x86.ActiveCfg = Debug|Win32
		{B15B719D-482C-463C-BB76-4C310BCF539A}.Debug|x86.Build.0 = Debug|Win32
		{B15B719D-482C-463C-BB76-4C310BCF539A}.Release|x64.ActiveCfg = Release|x64
		{B15B719D-482C-463C-BB76-4C310BCF539A}.Release|x64.Build.0 = Release|x64
		{B15B719D-482C-463C-BB76-4C310BCF539A}.Release|x86.ActiveCfg = Release|Win32
		{B15B719D-482C-463C-BB76-4C310BCF539A}.Release|x86.Build.0 = Release|Win32
		{D8B31FE4-AE2A-4D13-B1F3-4068CD3A0B9A}.Debug|x64.ActiveCfg = Debug|x64
		{D8B31FE4-AE2A-4D13-B1F3-4068CD3A0B9A}.Debug|x64.Build.0 = Debug|x64
		{D8B31FE4-AE2A-4D13-B1F3-4068CD3A0B9A}.Debug|x86.ActiveCfg = Debug|Win32
		{D8B31FE4-AE2A-4D13-B1F3-4068CD3A0B9A}.Debug|x86.Build.0 = Debug|Win32
		{D8B31FE4-AE2A-4D13-B1F3-4068CD3A0B9A}.Release|x64.ActiveCfg = Release|x64
		{D8B31FE4-AE2A-4D13-B1F3-4068CD3A0B9A}.Release|x64.Build.0 = Release|x64
		{D8B31FE4-AE2A-4D13-B1F3-4068CD3A0B9A}.Release|x86.ActiveCfg = Release|Win32
		{D8B31FE4-AE2A-4D13-B1F3-4068CD3A0B9A}.Release|x86.Build.0 = Release|Win32
		{A1E585AA-A433-4C0D-A71C-A356D14D6BD2}.Debug|x64.ActiveCfg = Debug|x64
		{A1E585AA-A433-4C0D-A71C-A356D14D6BD2}.Debug|x64.Build.0 = Debug|x64
		{A1E585AA-A433-4C0D-A71C-A356D14D6BD2}.Debug|x86.ActiveCfg = Debug|Win32
		{A1E585AA-A433-4C0D-A71C-A356D14D6BD2}.Debug|x86.Build.0 = Debug|Win32
		{A1E585AA-A433-4C0D-A71C-A356D14D6BD2}.Release|x64.ActiveCfg = Release|x64
		{A1E585AA-A433-4C0D-A71C-A356D14D6BD2}.Release|x64.Build.0 = Release|x64
		{A1E585AA-A433-4C0D-A71C-A356D14D6BD2}.Release|x86.ActiveCfg = Release|Win32
		{A1E585AA-A433-4C0D-A71C-A356D14D6BD2}.Release|x86.Build.0 = Release|Win32
		{9CEEDF3A-2DE6-42A2-BEDD-1699F7049B93}.Debug|x64.ActiveCfg = Debug|x64
		{9CEEDF3A-2DE6-42A2-BEDD-1699F7049B93}.Debug|x64.Build.0 = Debug|x64
		{9CEEDF3A-2DE6-42A2-BEDD-1699F7049B93}.Debug|x86.ActiveCfg = Debug|Win32
		{9CEEDF3A-2DE6-42A2-BEDD-1699F7049B93}.Debug|x86.Build.0 = Debug|Win32
		{9CEEDF3A-2DE6-42A2-BEDD-1699F7049B93}.Release|x64.ActiveCfg = Release|x64
		{9CEEDF3A-2DE6-42A2-BEDD-1699F7049B93}.Release|x64.Build.0 = Release|x64
		{9CEEDF3A-2DE6-42A2-BEDD-1699F7049B93}.Release|x86.ActiveCfg = Release|Win32
		{9CEEDF3A-2DE6-42A2-BEDD-1699F7049B93}.Release|x86.Build.0 = Release|Win32
		{906F58CA-20BD-41DE-AEC8-B717CAEC4729}.Debug|x64.ActiveCfg = Debug|x64
		{906F58CA-20BD-41DE-AEC8-B717CAEC4729}.Debug|x64.Build.0 = Debug|x64
		{906F58CA-20BD-41DE-AEC8-B717CAEC4729}.Debug|x86.ActiveCfg = Debug|Win32
		{906F58CA-20BD-41DE-AEC8-B717CAEC4729}.Debug|x86.Build.0 = Debug|Win32
		{906F58CA-20BD-41DE-AEC8-B717CAEC4729}.Release|x64.ActiveCfg = Release|x64
		{906F58CA-20BD-41DE-AEC8-B717CAEC4729}.Release|x64.Build.0 = Release|x64
		{906F58CA-20BD-41DE-AEC8-B717CAEC4729}.Release|x86.ActiveCfg = Release|Win32
		{906F58CA-20BD-41DE-AEC8-B717CAEC4729}.Release|x86.Build.0 = Release|Win32
		{EFB85D1B-9320-4DCD-8475-C627B76EB55C}.Debug|x64.ActiveCfg = Debug|x64
		{EFB85D1B-9320-4DCD-8475-C627B76EB55C}.Debug|x64.Build.0 = Debug|x64
		{EFB85D1B-9320-4DCD-8475-C627B76EB55C}.Debug|x86.ActiveCfg = Debug|Win32
		{EFB85D1B-9320-4DCD-8475-C627B76EB55C}.Debug|x86.Build.0 = Debug|Win32
		{EFB85D1B-9320-4DCD-8475-C627B76EB55C}.Release|x64.ActiveCfg = Release|x64
		{EFB85D1B-9320-4DCD-8475-C627B76EB55C}.Release|x64.Build.0 = Release|x64
		{EFB85D1B-9320-4DCD-8475-C627B76EB55C}.Release|x86.ActiveCfg = Release|Win32
		{EFB85D1B-9320-4DCD-8475-C627B76EB55C}.Release|x86.Build.0 = Release|Win32
		{C4EFAF17-00C8-4DC1-8FE7-BB7A63382EF3}.Debug|x64.ActiveCfg = Debug|x64
		{C4EFAF17-00C8-4DC1-8FE7-BB7A63382EF3}.Debug|x64.Build.0 = Debug|x64
		{C4EFAF17-00C8-4DC1-8FE7-BB7A63382EF3}.Debug|x86.ActiveCfg = Debug|Win32
		{C4EFAF17-00C8-4DC1-8FE7-BB7A63382EF3}.Debug|x86.Build.0 = Debug|Win32
		{C4EFAF17-00C8-4DC1-8FE7-BB7A63382EF3}.Release|x64.ActiveCfg = Release|x64
		{C4EFAF17-00C8-4DC1-8FE7-BB7A63382EF3}.Release|x64.Build.0 = Release|x64
		{C4EFAF17-00C8-4DC1-8FE7-BB7A63382EF3}.Release|x86.ActiveCfg = Release|Win32
		{C4EFAF17-00C8-4DC1-8FE7-BB7A63382EF3}.Release|x86.Build.0 = Release|Win32
		{760DA742-2778-4963-90C4-6D24F0B57956}.Debug|x64.ActiveCfg = Debug|x64
		{760DA742-2778-4963-90C4-6D24F0B57956}.Debug|x64.Build.0 = Debug|x64
		{760DA742-2778-4963-90C4-6D24F0B57956}.Debug|x86.ActiveCfg = Debug|Win32
		{760DA742-2778-4963-90C4-6D24F0B57956}.Debug|x86.Build.0 = Debug|Win32
		{760DA742-2778-4963-90C4-6D24F0B57956}.Release|x64.ActiveCfg = Release|x64
		{760DA742-2778-4963-90C4-6D24F0B57956}.Release|x64.Build.0 = Release|x64
		{760DA742-2778-4963-90C4-6D24F0B57956}.Release|x86.ActiveCfg = Release|Win32
		{760DA742-2778-4963-90C4-6D24F0B57956}.Release|x86.Build.0 = Release|Win32
		{8A392A77-6C0C-433F-81AB-21C0E3F45211}.Debug|x64.ActiveCfg = Debug|x64
		{8A392A77-6C0C-433F-81AB-21C0E3F45211}.Debug|x64.Build.0 = Debug|x64
		{8A392A77-6C0C-433F-81AB-21C0E3F45211}.Debug|x86.ActiveCfg = Debug|Win32
		{8A392A77-6C0C-433F-81AB-21C0E3F45211}.Debug|x86.Build.0 = Debug|Win32
		{8A392A77-6C0C-433F-81AB-21C0E3F45211}.Release|x64.ActiveCfg = Release|x64
		{8A392A77-6C0C-433F-81AB-21C0E3F45211}.Release|x64.Build.0 = Release|x64
		{8A392A77-6C0C-433F-81AB-21C0E3F45211}.Release|x86.ActiveCfg = Release|Win32
		{8A392A77-6C0C-433F-81AB-21C0E3F45211}.Release|x86.Build.0 = Release|Win32
		{808986DF-DA91-4BC8-B66B-CCD0B8F9CCEA}.Debug|x64.ActiveCfg = Debug|x64
		{808986DF-DA91-4BC8-B66B-CCD0B8F9CCEA}.Debug|x64.Build.0 = Debug|x64
		{808986DF-DA91-4BC8-B66B-CCD0B8F9CCEA}.Debug|x86.ActiveCfg = Debug|Win32
		{808986DF-DA91-4BC8-B66B-CCD0B8F9CCEA}.Debug|x86.Build.0 = Debug|Win32
		{808986DF-DA91-4BC8-B66B-CCD0B8F9CCEA}.Release|x64.ActiveCfg = Release|x64
		{808986DF-DA91-4BC8-B66B-CCD0B8F9CCEA}.Release|x64.Build.0 = Release|x64
		{808986DF-DA91-4BC8-B66B-CCD0B8F9CCEA}.Release|x86.ActiveCfg = Release|Win32
		{808986DF-DA91-4BC8-B66B-CCD0B8F9CCEA}.Release|x86.Build.0 = Release|Win32
		{B073EE61-3426-4653-B5E4-78B04B23B4F3}.Debug|x64.ActiveCfg = Debug|x64
		{B073EE61-3426-4653-B5E4-78B04B23B4F3}.Debug|x64.Build.0 = Debug|x64
		{B073EE61-3426-4653-B5E4-78B04B23B4F3}.Debug|x86.ActiveCfg = Debug|Win32
		{B073EE61-3426-4653-B5E4-78B04B23B4F3}.Debug|x86.Build.0 = Debug|Win32
		{B073EE61-3426-4653-B5E4-78B04B23B4F3}.Release|x64.ActiveCfg = Release|x64
		{B073EE61-3426-4653-B5E4-78B04B23B4F3}.Release|x64.Build.0 = Release|x64
		{B073EE61-3426-4653-B5E4-78B04B23B4F3}.Release|x86.ActiveCfg = Release|Win32
		{B073EE61-3426-4653-B5E4-78B04B23B4F3}.Release|x86.Build.0 = Release|Win32
		{D45265F3-9511-4A43-99B1-A7FADD1B223D}.Debug|x64.ActiveCfg = Debug|x64
		{D45265F3-9511-4A43-99B1-A7FADD1B223D}.Debug|x64.Build.0 = Debug|x64
		{D45265F3-9511-4A43-99B1-A7FADD1B223D}.Debug|x86.ActiveCfg = Debug|Win32
		{D45265F3-9511-4A43-99B1-A7FADD1B223D}.Debug|x86.Build.0 = Debug|Win32
		{D45265F3-9511-4A43-99B1-A7FADD1B223D}.Release|x64.ActiveCfg = Release|x64
		{D45265F3-9511-4A43-99B1-A7FADD1B223D}.Release|x64.Build.0 = Release|x64
		{D45265F3-9511-4A43-99B1-A7FADD1B223D}.Release|x86.ActiveCfg = Release|Win32
		{D45265F3-9511-4A43-99B1-A7FADD1B223D}.Release|x86.Build.0 = Release|Win32
		{143B88F6-69E7-480F-8596-7D9EEFABE5FA}.Debug|x64.ActiveCfg = Debug|x64
		{143B88F6-69E7-480F-8596-7D9EEFABE5FA}.Debug|x64.Build.0 = Debug|x64
		{143B88F6-69E7-480F-8596-7D9EEFABE5FA}.Debug|x86.ActiveCfg = Debug|Win32
		{143B88F6-69E7-480F-8596-7D9EEFABE5FA}.Debug|x86.Build.0 = Debug|Win32
		{143B88F6-69E7-480F-8596-7D9EEFABE5FA}.Release|x64.ActiveCfg = Release|x64
		{143B88F6-69E7-480F-8596-7D9EEFABE5FA}.Release|x64.Build.0 = Release|x64
		{143B88F6-69E7-480F-8596-7D9EEFABE5FA}.Release|x86.ActiveCfg = Release|Win32
		{143B88F6-69E7-480F-8596-7D9EEFABE5FA}.Release|x86.Build.0 = Release|Win32
		{71E4F3D9-C3B9-489F-AECF-F86922F876F7}.Debug|x64.ActiveCfg = Debug|x64
		{71E4F3D9-C3B9-489F-AECF-F86922F876F7}.Debug|x64.Build.0 = Debug|x64
		{71E4F3D9-C3B9-489F-AECF-F86922F876F7}.Debug|x86.ActiveCfg = Debug|Win32
		{71E4F3D9-C3B9-489F-AECF-F86922F876F7}.Debug|x86.Build.0 = Debug|Win32
		{71E4F3D9-C3B9-489F-AECF-F86922F876F7}.Release|x64.ActiveCfg = Release|x64
		{71E4F3D9-C3B9-489F-AECF-F86922F876F7}.Release|x64.Build.0 = Release|x64
		{71E4F3D9-C3B9-489F-AECF-F86922F876F7}.Release|x86.ActiveCfg = Release|Win32
		{71E4F3D9-C3B9-489F-AECF-F86922F876F7}.Release|x86.Build.0 = Release|Win32
		{36080D5F-1F2F-4573-AC9A-53AAEEA22B55}.Debug|x64.ActiveCfg = Debug|x64
		{36080D5F-1F2F-4573-AC9A-53AAEEA22B55}.Debug|x64.Build.0 = Debug|x64
		{36080D5F-1F2F-4573-AC9A-53AAEEA22B55}.Debug|x86.ActiveCfg = Debug|Win32
		{36080D5F-1F2F-4573-AC9A-53AAEEA22B55}.Debug|x86.Build.0 = Debug|Win32
		{36080D5F-1F2F-4573-AC9A-53AAEEA22B55}.Release|x64.ActiveCfg = Release|x64
		{36080D5F-1F2F-4573-AC9A-53AAEEA22B55}.Release|x64.Build.0 = Release|x64
		{36080D5F-1F2F-4573-AC9A-53AAEEA22B55}.Release|x86.ActiveCfg = Release|Win32
		{36080D5F-1F2F-4573-AC9A-53AAEEA22B55}.Release|x86.Build.0 = Release|Win32
		{2722FF5C-A68A-40A4-9BD7-CFBF157C2B7D}.Debug|x64.ActiveCfg = Debug|x64
		{2722FF5C-A68A-40A4-9BD7-CFBF157C2B7D}.Debug|x64.Build.0 = Debug|x64
		{2722FF5C-A68A-40A4-9BD7-CFBF157C2B7D}.Debug|x86.ActiveCfg = Debug|Win32
		{2722FF5C-A68A-40A4-9BD7-CFBF157C2B7D}.Debug|x86.Build.0 = Debug|Win32
		{2722FF5C-A68A-40A4-9BD7-CFBF157C2B7D}.Release|x64.ActiveCfg = Release|x64
		{2722FF5C-A68A-40A4-9BD7-CFBF157C2B7D}.Release|x64.Build.0 = Release|x64
		{2722FF5C-A68A-40A4-9BD7-CFBF157C2B7D}.Release|x86.ActiveCfg = Release|Win32
		{2722FF5C-A68A-40A4-9BD7-CFBF157C2B7D}.Release|x86.Build.0 = Release|Win32
		{22DBAAB3-39F3-48C3-AFC3-B076DA1BAA44}.Debug|x64.ActiveCfg = Debug|x64
		{22DBAAB3-39F3-48C3-AFC3-B076DA1BAA44}.Debug|x64.Build.0 = Debug|x64
		{22DBAAB3-39F3-48C3-AFC3-B076DA1BAA44}.Debug|x86.ActiveCfg = Debug|Win32
		{22DBAAB3-39F3-48C3-AFC3-B076DA1BAA44}.Debug|x86.Build.0 = Debug|Win32
		{22DBAAB3-39F3-48C3-AFC3-B076DA1BAA44}.Release|x64.ActiveCfg = Release|x64
		{22DBAAB3-39F3-48C3-AFC3-B076DA1BAA44}.Release|x64.Build.0 = Release|x64
		{22DBAAB3-39F3-48C3-AFC3-B076DA1BAA44}.Release|x86.ActiveCfg = Release|Win32
		{22DBAAB3-39F3-48C3-AFC3-B076DA1BAA44}.Release|x86.Build.0 = Release|Win32
	EndGlobalSection
	GlobalSection(SolutionProperties) = preSolution
		HideSolutionNode = FALSE
	EndGlobalSection
	GlobalSection(ExtensibilityGlobals) = postSolution
		SolutionGuid = {63EED7AB-7557-45D8-BB7B-4B7C42B48B08}
	EndGlobalSection
EndGlobal
